PODS:
  - Disk (0.6.4)
  - SDWebImage (5.14.2):
    - SDWebImage/Core (= 5.14.2)
  - SDWebImage/Core (5.14.2)

DEPENDENCIES:
  - Disk (~> 0.6.4)
  - SDWebImage

SPEC REPOS:
  trunk:
    - Disk
    - SDWebImage

SPEC CHECKSUMS:
  Disk: dcee5c2e98fb72f9a924cde8da8435b08244a80e
  SDWebImage: b9a731e1d6307f44ca703b3976d18c24ca561e84

PODFILE CHECKSUM: 02b39a39d390882d6fb22c394382e482f7304202

COCOAPODS: 1.11.3
