// !$*UTF8*$!
{
	archiveVersion = 1;
	classes = {
	};
	objectVersion = 56;
	objects = {

/* Begin PBXBuildFile section */
		0797A9E26CAE853ADB1ADD04 /* Pods_newsroom.framework in Frameworks */ = {isa = PBXBuildFile; fileRef = 2B0F4A68F2CC351E9E063666 /* Pods_newsroom.framework */; };
		4F4E6DB9AA205170D1CDFC36 /* Pods_newsroomTests.framework in Frameworks */ = {isa = PBXBuildFile; fileRef = F47EFC1E95D6EED2F67B6C7F /* Pods_newsroomTests.framework */; };
		620A334829504498009F6BFF /* category.swift in Sources */ = {isa = PBXBuildFile; fileRef = 620A334729504498009F6BFF /* category.swift */; };
		620A334A2950463A009F6BFF /* article.swift in Sources */ = {isa = PBXBuildFile; fileRef = 620A33492950463A009F6BFF /* article.swift */; };
		624F39E5296B61A9003DD51B /* networkMonitor.swift in Sources */ = {isa = PBXBuildFile; fileRef = 624F39E4296B61A9003DD51B /* networkMonitor.swift */; };
		624F39EB296BE168003DD51B /* NoInternetView.swift in Sources */ = {isa = PBXBuildFile; fileRef = 624F39EA296BE168003DD51B /* NoInternetView.swift */; };
		624F39ED296BE216003DD51B /* noInternet.json in Resources */ = {isa = PBXBuildFile; fileRef = 624F39EC296BE216003DD51B /* noInternet.json */; };
		624F39F5296D3834003DD51B /* debouncer.swift in Sources */ = {isa = PBXBuildFile; fileRef = 624F39F4296D3834003DD51B /* debouncer.swift */; };
		6253859C2951AFB1008DA6BB /* SearchBarView.swift in Sources */ = {isa = PBXBuildFile; fileRef = 6253859B2951AFB1008DA6BB /* SearchBarView.swift */; };
		625620E72954256F002FA17D /* countryData.swift in Sources */ = {isa = PBXBuildFile; fileRef = 625620E62954256F002FA17D /* countryData.swift */; };
		625620E9295428D2002FA17D /* MapResultViewController.swift in Sources */ = {isa = PBXBuildFile; fileRef = 625620E8295428D2002FA17D /* MapResultViewController.swift */; };
		6256F864296FE20A0024B541 /* NewsViewController.swift in Sources */ = {isa = PBXBuildFile; fileRef = 6256F863296FE20A0024B541 /* NewsViewController.swift */; };
		6256F866296FE2650024B541 /* SampleViewController.swift in Sources */ = {isa = PBXBuildFile; fileRef = 6256F865296FE2650024B541 /* SampleViewController.swift */; };
		627984DD294C27A1007EDA41 /* AppDelegate.swift in Sources */ = {isa = PBXBuildFile; fileRef = 627984DC294C27A1007EDA41 /* AppDelegate.swift */; };
		627984E1294C27A1007EDA41 /* MainViewController.swift in Sources */ = {isa = PBXBuildFile; fileRef = 627984E0294C27A1007EDA41 /* MainViewController.swift */; };
		627984E6294C27A2007EDA41 /* Assets.xcassets in Resources */ = {isa = PBXBuildFile; fileRef = 627984E5294C27A2007EDA41 /* Assets.xcassets */; };
		627984E9294C27A2007EDA41 /* LaunchScreen.storyboard in Resources */ = {isa = PBXBuildFile; fileRef = 627984E7294C27A2007EDA41 /* LaunchScreen.storyboard */; };
		627984F4294C27A2007EDA41 /* newsroomTests.swift in Sources */ = {isa = PBXBuildFile; fileRef = 627984F3294C27A2007EDA41 /* newsroomTests.swift */; };
		627984FE294C27A2007EDA41 /* newsroomUITests.swift in Sources */ = {isa = PBXBuildFile; fileRef = 627984FD294C27A2007EDA41 /* newsroomUITests.swift */; };
		62798500294C27A2007EDA41 /* newsroomUITestsLaunchTests.swift in Sources */ = {isa = PBXBuildFile; fileRef = 627984FF294C27A2007EDA41 /* newsroomUITestsLaunchTests.swift */; };
		62798510294C33B1007EDA41 /* SearchViewController.swift in Sources */ = {isa = PBXBuildFile; fileRef = 6279850F294C33B1007EDA41 /* SearchViewController.swift */; };
		62798512294C34DB007EDA41 /* MapViewController.swift in Sources */ = {isa = PBXBuildFile; fileRef = 62798511294C34DB007EDA41 /* MapViewController.swift */; };
		62798514294C35DF007EDA41 /* HeadlineViewController.swift in Sources */ = {isa = PBXBuildFile; fileRef = 62798513294C35DF007EDA41 /* HeadlineViewController.swift */; };
		62798519294C3D35007EDA41 /* NewsroomAPIService.swift in Sources */ = {isa = PBXBuildFile; fileRef = 62798518294C3D35007EDA41 /* NewsroomAPIService.swift */; };
		6279851B294C3D81007EDA41 /* NetworkManager.swift in Sources */ = {isa = PBXBuildFile; fileRef = 6279851A294C3D81007EDA41 /* NetworkManager.swift */; };
		6279851F294C3F83007EDA41 /* secrets.swift in Sources */ = {isa = PBXBuildFile; fileRef = 6279851E294C3F83007EDA41 /* secrets.swift */; };
		62798521294C4A08007EDA41 /* HeadlineCollectionViewCell.swift in Sources */ = {isa = PBXBuildFile; fileRef = 62798520294C4A08007EDA41 /* HeadlineCollectionViewCell.swift */; };
		62F25CB52961D7DD0022E97A /* Sources.swift in Sources */ = {isa = PBXBuildFile; fileRef = 62F25CB42961D7DD0022E97A /* Sources.swift */; };
		62F25CB72962C4800022E97A /* SourcesViewController.swift in Sources */ = {isa = PBXBuildFile; fileRef = 62F25CB62962C4800022E97A /* SourcesViewController.swift */; };
		62F25CBD296403B70022E97A /* Localizable.strings in Resources */ = {isa = PBXBuildFile; fileRef = 62F25CBF296403B70022E97A /* Localizable.strings */; };
		62F25CC52967FAB40022E97A /* toast.swift in Sources */ = {isa = PBXBuildFile; fileRef = 62F25CC42967FAB40022E97A /* toast.swift */; };
		62F25CC7296803390022E97A /* generalUtility.swift in Sources */ = {isa = PBXBuildFile; fileRef = 62F25CC6296803390022E97A /* generalUtility.swift */; };
		62FF7D4B29598B82000D2E16 /* CollectionHeaderCollectionReusableView.swift in Sources */ = {isa = PBXBuildFile; fileRef = 62FF7D4A29598B82000D2E16 /* CollectionHeaderCollectionReusableView.swift */; };
		62FF7D4D295B04D6000D2E16 /* NewsWebViewController.swift in Sources */ = {isa = PBXBuildFile; fileRef = 62FF7D4C295B04D6000D2E16 /* NewsWebViewController.swift */; };
		62FF7D53295C0784000D2E16 /* categoryData.swift in Sources */ = {isa = PBXBuildFile; fileRef = 62FF7D52295C0784000D2E16 /* categoryData.swift */; };
		62FF7D55295D5C1D000D2E16 /* notfoundresults.json in Resources */ = {isa = PBXBuildFile; fileRef = 62FF7D54295D5C1D000D2E16 /* notfoundresults.json */; };
		62FF7D58295D6020000D2E16 /* Toast in Frameworks */ = {isa = PBXBuildFile; productRef = 62FF7D57295D6020000D2E16 /* Toast */; };
		62FF7D5B295D6ED7000D2E16 /* launchScreen.json in Resources */ = {isa = PBXBuildFile; fileRef = 62FF7D5A295D6ED7000D2E16 /* launchScreen.json */; };
		62FF7D5D295EA75D000D2E16 /* loading.json in Resources */ = {isa = PBXBuildFile; fileRef = 62FF7D5C295EA75C000D2E16 /* loading.json */; };
		A991BAC40EE82B5FADCC11B4 /* Pods_newsroom_newsroomUITests.framework in Frameworks */ = {isa = PBXBuildFile; fileRef = 542D595486F5DAC8F5E59DBC /* Pods_newsroom_newsroomUITests.framework */; };
/* End PBXBuildFile section */

/* Begin PBXContainerItemProxy section */
		627984F0294C27A2007EDA41 /* PBXContainerItemProxy */ = {
			isa = PBXContainerItemProxy;
			containerPortal = 627984D1294C27A1007EDA41 /* Project object */;
			proxyType = 1;
			remoteGlobalIDString = 627984D8294C27A1007EDA41;
			remoteInfo = newsroom;
		};
		627984FA294C27A2007EDA41 /* PBXContainerItemProxy */ = {
			isa = PBXContainerItemProxy;
			containerPortal = 627984D1294C27A1007EDA41 /* Project object */;
			proxyType = 1;
			remoteGlobalIDString = 627984D8294C27A1007EDA41;
			remoteInfo = newsroom;
		};
/* End PBXContainerItemProxy section */

/* Begin PBXFileReference section */
		2B0F4A68F2CC351E9E063666 /* Pods_newsroom.framework */ = {isa = PBXFileReference; explicitFileType = wrapper.framework; includeInIndex = 0; path = Pods_newsroom.framework; sourceTree = BUILT_PRODUCTS_DIR; };
		3C9CD2E415C8200A6D563ADB /* Pods-newsroom.debug.xcconfig */ = {isa = PBXFileReference; includeInIndex = 1; lastKnownFileType = text.xcconfig; name = "Pods-newsroom.debug.xcconfig"; path = "Target Support Files/Pods-newsroom/Pods-newsroom.debug.xcconfig"; sourceTree = "<group>"; };
		4BABBC72923EB8D856FADE1F /* Pods-newsroomTests.release.xcconfig */ = {isa = PBXFileReference; includeInIndex = 1; lastKnownFileType = text.xcconfig; name = "Pods-newsroomTests.release.xcconfig"; path = "Target Support Files/Pods-newsroomTests/Pods-newsroomTests.release.xcconfig"; sourceTree = "<group>"; };
		542D595486F5DAC8F5E59DBC /* Pods_newsroom_newsroomUITests.framework */ = {isa = PBXFileReference; explicitFileType = wrapper.framework; includeInIndex = 0; path = Pods_newsroom_newsroomUITests.framework; sourceTree = BUILT_PRODUCTS_DIR; };
		620A334729504498009F6BFF /* category.swift */ = {isa = PBXFileReference; lastKnownFileType = sourcecode.swift; path = category.swift; sourceTree = "<group>"; };
		620A33492950463A009F6BFF /* article.swift */ = {isa = PBXFileReference; lastKnownFileType = sourcecode.swift; path = article.swift; sourceTree = "<group>"; };
		624F39E4296B61A9003DD51B /* networkMonitor.swift */ = {isa = PBXFileReference; lastKnownFileType = sourcecode.swift; path = networkMonitor.swift; sourceTree = "<group>"; };
		624F39EA296BE168003DD51B /* NoInternetView.swift */ = {isa = PBXFileReference; lastKnownFileType = sourcecode.swift; path = NoInternetView.swift; sourceTree = "<group>"; };
		624F39EC296BE216003DD51B /* noInternet.json */ = {isa = PBXFileReference; fileEncoding = 4; lastKnownFileType = text.json; path = noInternet.json; sourceTree = "<group>"; };
		624F39F4296D3834003DD51B /* debouncer.swift */ = {isa = PBXFileReference; lastKnownFileType = sourcecode.swift; path = debouncer.swift; sourceTree = "<group>"; };
		6253859B2951AFB1008DA6BB /* SearchBarView.swift */ = {isa = PBXFileReference; lastKnownFileType = sourcecode.swift; path = SearchBarView.swift; sourceTree = "<group>"; };
		625620E62954256F002FA17D /* countryData.swift */ = {isa = PBXFileReference; lastKnownFileType = sourcecode.swift; path = countryData.swift; sourceTree = "<group>"; };
		625620E8295428D2002FA17D /* MapResultViewController.swift */ = {isa = PBXFileReference; lastKnownFileType = sourcecode.swift; path = MapResultViewController.swift; sourceTree = "<group>"; };
		6256F863296FE20A0024B541 /* NewsViewController.swift */ = {isa = PBXFileReference; lastKnownFileType = sourcecode.swift; path = NewsViewController.swift; sourceTree = "<group>"; };
		6256F865296FE2650024B541 /* SampleViewController.swift */ = {isa = PBXFileReference; lastKnownFileType = sourcecode.swift; path = SampleViewController.swift; sourceTree = "<group>"; };
		627984D9294C27A1007EDA41 /* newsroom.app */ = {isa = PBXFileReference; explicitFileType = wrapper.application; includeInIndex = 0; path = newsroom.app; sourceTree = BUILT_PRODUCTS_DIR; };
		627984DC294C27A1007EDA41 /* AppDelegate.swift */ = {isa = PBXFileReference; lastKnownFileType = sourcecode.swift; path = AppDelegate.swift; sourceTree = "<group>"; };
		627984E0294C27A1007EDA41 /* MainViewController.swift */ = {isa = PBXFileReference; lastKnownFileType = sourcecode.swift; path = MainViewController.swift; sourceTree = "<group>"; };
		627984E5294C27A2007EDA41 /* Assets.xcassets */ = {isa = PBXFileReference; lastKnownFileType = folder.assetcatalog; path = Assets.xcassets; sourceTree = "<group>"; };
		627984E8294C27A2007EDA41 /* Base */ = {isa = PBXFileReference; lastKnownFileType = file.storyboard; name = Base; path = Base.lproj/LaunchScreen.storyboard; sourceTree = "<group>"; };
		627984EA294C27A2007EDA41 /* Info.plist */ = {isa = PBXFileReference; lastKnownFileType = text.plist.xml; path = Info.plist; sourceTree = "<group>"; };
		627984EF294C27A2007EDA41 /* newsroomTests.xctest */ = {isa = PBXFileReference; explicitFileType = wrapper.cfbundle; includeInIndex = 0; path = newsroomTests.xctest; sourceTree = BUILT_PRODUCTS_DIR; };
		627984F3294C27A2007EDA41 /* newsroomTests.swift */ = {isa = PBXFileReference; lastKnownFileType = sourcecode.swift; path = newsroomTests.swift; sourceTree = "<group>"; };
		627984F9294C27A2007EDA41 /* newsroomUITests.xctest */ = {isa = PBXFileReference; explicitFileType = wrapper.cfbundle; includeInIndex = 0; path = newsroomUITests.xctest; sourceTree = BUILT_PRODUCTS_DIR; };
		627984FD294C27A2007EDA41 /* newsroomUITests.swift */ = {isa = PBXFileReference; lastKnownFileType = sourcecode.swift; path = newsroomUITests.swift; sourceTree = "<group>"; };
		627984FF294C27A2007EDA41 /* newsroomUITestsLaunchTests.swift */ = {isa = PBXFileReference; lastKnownFileType = sourcecode.swift; path = newsroomUITestsLaunchTests.swift; sourceTree = "<group>"; };
		6279850F294C33B1007EDA41 /* SearchViewController.swift */ = {isa = PBXFileReference; lastKnownFileType = sourcecode.swift; path = SearchViewController.swift; sourceTree = "<group>"; };
		62798511294C34DB007EDA41 /* MapViewController.swift */ = {isa = PBXFileReference; lastKnownFileType = sourcecode.swift; path = MapViewController.swift; sourceTree = "<group>"; };
		62798513294C35DF007EDA41 /* HeadlineViewController.swift */ = {isa = PBXFileReference; lastKnownFileType = sourcecode.swift; path = HeadlineViewController.swift; sourceTree = "<group>"; };
		62798518294C3D35007EDA41 /* NewsroomAPIService.swift */ = {isa = PBXFileReference; lastKnownFileType = sourcecode.swift; path = NewsroomAPIService.swift; sourceTree = "<group>"; };
		6279851A294C3D81007EDA41 /* NetworkManager.swift */ = {isa = PBXFileReference; lastKnownFileType = sourcecode.swift; path = NetworkManager.swift; sourceTree = "<group>"; };
		6279851E294C3F83007EDA41 /* secrets.swift */ = {isa = PBXFileReference; lastKnownFileType = sourcecode.swift; path = secrets.swift; sourceTree = "<group>"; };
		62798520294C4A08007EDA41 /* HeadlineCollectionViewCell.swift */ = {isa = PBXFileReference; lastKnownFileType = sourcecode.swift; path = HeadlineCollectionViewCell.swift; sourceTree = "<group>"; };
		62F25CB42961D7DD0022E97A /* Sources.swift */ = {isa = PBXFileReference; lastKnownFileType = sourcecode.swift; path = Sources.swift; sourceTree = "<group>"; };
		62F25CB62962C4800022E97A /* SourcesViewController.swift */ = {isa = PBXFileReference; lastKnownFileType = sourcecode.swift; path = SourcesViewController.swift; sourceTree = "<group>"; };
		62F25CBE296403B70022E97A /* en */ = {isa = PBXFileReference; lastKnownFileType = text.plist.strings; name = en; path = en.lproj/Localizable.strings; sourceTree = "<group>"; };
		62F25CC0296403DE0022E97A /* fr */ = {isa = PBXFileReference; lastKnownFileType = text.plist.strings; name = fr; path = fr.lproj/LaunchScreen.strings; sourceTree = "<group>"; };
		62F25CC1296403DE0022E97A /* fr */ = {isa = PBXFileReference; lastKnownFileType = text.plist.strings; name = fr; path = fr.lproj/Localizable.strings; sourceTree = "<group>"; };
		62F25CC2296407730022E97A /* hi */ = {isa = PBXFileReference; lastKnownFileType = text.plist.strings; name = hi; path = hi.lproj/LaunchScreen.strings; sourceTree = "<group>"; };
		62F25CC3296407730022E97A /* hi */ = {isa = PBXFileReference; lastKnownFileType = text.plist.strings; name = hi; path = hi.lproj/Localizable.strings; sourceTree = "<group>"; };
		62F25CC42967FAB40022E97A /* toast.swift */ = {isa = PBXFileReference; lastKnownFileType = sourcecode.swift; path = toast.swift; sourceTree = "<group>"; };
		62F25CC6296803390022E97A /* generalUtility.swift */ = {isa = PBXFileReference; lastKnownFileType = sourcecode.swift; path = generalUtility.swift; sourceTree = "<group>"; };
		62FF7D4A29598B82000D2E16 /* CollectionHeaderCollectionReusableView.swift */ = {isa = PBXFileReference; lastKnownFileType = sourcecode.swift; path = CollectionHeaderCollectionReusableView.swift; sourceTree = "<group>"; };
		62FF7D4C295B04D6000D2E16 /* NewsWebViewController.swift */ = {isa = PBXFileReference; lastKnownFileType = sourcecode.swift; path = NewsWebViewController.swift; sourceTree = "<group>"; };
		62FF7D52295C0784000D2E16 /* categoryData.swift */ = {isa = PBXFileReference; lastKnownFileType = sourcecode.swift; path = categoryData.swift; sourceTree = "<group>"; };
		62FF7D54295D5C1D000D2E16 /* notfoundresults.json */ = {isa = PBXFileReference; fileEncoding = 4; lastKnownFileType = text.json; path = notfoundresults.json; sourceTree = "<group>"; };
		62FF7D5A295D6ED7000D2E16 /* launchScreen.json */ = {isa = PBXFileReference; fileEncoding = 4; lastKnownFileType = text.json; path = launchScreen.json; sourceTree = "<group>"; };
		62FF7D5C295EA75C000D2E16 /* loading.json */ = {isa = PBXFileReference; fileEncoding = 4; lastKnownFileType = text.json; path = loading.json; sourceTree = "<group>"; };
		8ED0BE6A401B7887F08D65AB /* Pods-newsroom-newsroomUITests.debug.xcconfig */ = {isa = PBXFileReference; includeInIndex = 1; lastKnownFileType = text.xcconfig; name = "Pods-newsroom-newsroomUITests.debug.xcconfig"; path = "Target Support Files/Pods-newsroom-newsroomUITests/Pods-newsroom-newsroomUITests.debug.xcconfig"; sourceTree = "<group>"; };
		A137720F7728B801EE1B6678 /* Pods-newsroomTests.debug.xcconfig */ = {isa = PBXFileReference; includeInIndex = 1; lastKnownFileType = text.xcconfig; name = "Pods-newsroomTests.debug.xcconfig"; path = "Target Support Files/Pods-newsroomTests/Pods-newsroomTests.debug.xcconfig"; sourceTree = "<group>"; };
		B8447FBCD8E38BCADB013972 /* Pods-newsroom.release.xcconfig */ = {isa = PBXFileReference; includeInIndex = 1; lastKnownFileType = text.xcconfig; name = "Pods-newsroom.release.xcconfig"; path = "Target Support Files/Pods-newsroom/Pods-newsroom.release.xcconfig"; sourceTree = "<group>"; };
		DEEE0904044A5B9A6EBFD401 /* Pods-newsroom-newsroomUITests.release.xcconfig */ = {isa = PBXFileReference; includeInIndex = 1; lastKnownFileType = text.xcconfig; name = "Pods-newsroom-newsroomUITests.release.xcconfig"; path = "Target Support Files/Pods-newsroom-newsroomUITests/Pods-newsroom-newsroomUITests.release.xcconfig"; sourceTree = "<group>"; };
		F47EFC1E95D6EED2F67B6C7F /* Pods_newsroomTests.framework */ = {isa = PBXFileReference; explicitFileType = wrapper.framework; includeInIndex = 0; path = Pods_newsroomTests.framework; sourceTree = BUILT_PRODUCTS_DIR; };
/* End PBXFileReference section */

/* Begin PBXFrameworksBuildPhase section */
		627984D6294C27A1007EDA41 /* Frameworks */ = {
			isa = PBXFrameworksBuildPhase;
			buildActionMask = 2147483647;
			files = (
				62FF7D58295D6020000D2E16 /* Toast in Frameworks */,
				0797A9E26CAE853ADB1ADD04 /* Pods_newsroom.framework in Frameworks */,
			);
			runOnlyForDeploymentPostprocessing = 0;
		};
		627984EC294C27A2007EDA41 /* Frameworks */ = {
			isa = PBXFrameworksBuildPhase;
			buildActionMask = 2147483647;
			files = (
				4F4E6DB9AA205170D1CDFC36 /* Pods_newsroomTests.framework in Frameworks */,
			);
			runOnlyForDeploymentPostprocessing = 0;
		};
		627984F6294C27A2007EDA41 /* Frameworks */ = {
			isa = PBXFrameworksBuildPhase;
			buildActionMask = 2147483647;
			files = (
				A991BAC40EE82B5FADCC11B4 /* Pods_newsroom_newsroomUITests.framework in Frameworks */,
			);
			runOnlyForDeploymentPostprocessing = 0;
		};
/* End PBXFrameworksBuildPhase section */

/* Begin PBXGroup section */
		4AF46B2B60DCD61CAE0A73A0 /* Pods */ = {
			isa = PBXGroup;
			children = (
				3C9CD2E415C8200A6D563ADB /* Pods-newsroom.debug.xcconfig */,
				B8447FBCD8E38BCADB013972 /* Pods-newsroom.release.xcconfig */,
				8ED0BE6A401B7887F08D65AB /* Pods-newsroom-newsroomUITests.debug.xcconfig */,
				DEEE0904044A5B9A6EBFD401 /* Pods-newsroom-newsroomUITests.release.xcconfig */,
				A137720F7728B801EE1B6678 /* Pods-newsroomTests.debug.xcconfig */,
				4BABBC72923EB8D856FADE1F /* Pods-newsroomTests.release.xcconfig */,
			);
			path = Pods;
			sourceTree = "<group>";
		};
		620A334629504486009F6BFF /* models */ = {
			isa = PBXGroup;
			children = (
				620A334729504498009F6BFF /* category.swift */,
				620A33492950463A009F6BFF /* article.swift */,
				62F25CB42961D7DD0022E97A /* Sources.swift */,
			);
			path = models;
			sourceTree = "<group>";
		};
		627984D0294C27A1007EDA41 = {
			isa = PBXGroup;
			children = (
				62F25CBF296403B70022E97A /* Localizable.strings */,
				627984DB294C27A1007EDA41 /* newsroom */,
				627984F2294C27A2007EDA41 /* newsroomTests */,
				627984FC294C27A2007EDA41 /* newsroomUITests */,
				627984DA294C27A1007EDA41 /* Products */,
				4AF46B2B60DCD61CAE0A73A0 /* Pods */,
				B95349053520CBF1BDCDB723 /* Frameworks */,
			);
			sourceTree = "<group>";
		};
		627984DA294C27A1007EDA41 /* Products */ = {
			isa = PBXGroup;
			children = (
				627984D9294C27A1007EDA41 /* newsroom.app */,
				627984EF294C27A2007EDA41 /* newsroomTests.xctest */,
				627984F9294C27A2007EDA41 /* newsroomUITests.xctest */,
			);
			name = Products;
			sourceTree = "<group>";
		};
		627984DB294C27A1007EDA41 /* newsroom */ = {
			isa = PBXGroup;
			children = (
				62FF7D59295D6EC6000D2E16 /* lottie */,
				620A334629504486009F6BFF /* models */,
				62798516294C3D12007EDA41 /* utils */,
				6279850E294C321B007EDA41 /* controllers */,
				6279850D294C3209007EDA41 /* views */,
				627984DC294C27A1007EDA41 /* AppDelegate.swift */,
				627984E5294C27A2007EDA41 /* Assets.xcassets */,
				627984E7294C27A2007EDA41 /* LaunchScreen.storyboard */,
				627984EA294C27A2007EDA41 /* Info.plist */,
				6279851E294C3F83007EDA41 /* secrets.swift */,
			);
			path = newsroom;
			sourceTree = "<group>";
		};
		627984F2294C27A2007EDA41 /* newsroomTests */ = {
			isa = PBXGroup;
			children = (
				627984F3294C27A2007EDA41 /* newsroomTests.swift */,
			);
			path = newsroomTests;
			sourceTree = "<group>";
		};
		627984FC294C27A2007EDA41 /* newsroomUITests */ = {
			isa = PBXGroup;
			children = (
				627984FD294C27A2007EDA41 /* newsroomUITests.swift */,
				627984FF294C27A2007EDA41 /* newsroomUITestsLaunchTests.swift */,
			);
			path = newsroomUITests;
			sourceTree = "<group>";
		};
		6279850D294C3209007EDA41 /* views */ = {
			isa = PBXGroup;
			children = (
				62798520294C4A08007EDA41 /* HeadlineCollectionViewCell.swift */,
				6253859B2951AFB1008DA6BB /* SearchBarView.swift */,
				62FF7D4A29598B82000D2E16 /* CollectionHeaderCollectionReusableView.swift */,
				624F39EA296BE168003DD51B /* NoInternetView.swift */,
			);
			path = views;
			sourceTree = "<group>";
		};
		6279850E294C321B007EDA41 /* controllers */ = {
			isa = PBXGroup;
			children = (
				627984E0294C27A1007EDA41 /* MainViewController.swift */,
				6279850F294C33B1007EDA41 /* SearchViewController.swift */,
				62798511294C34DB007EDA41 /* MapViewController.swift */,
				62798513294C35DF007EDA41 /* HeadlineViewController.swift */,
				625620E8295428D2002FA17D /* MapResultViewController.swift */,
				62FF7D4C295B04D6000D2E16 /* NewsWebViewController.swift */,
				62F25CB62962C4800022E97A /* SourcesViewController.swift */,
				6256F863296FE20A0024B541 /* NewsViewController.swift */,
				6256F865296FE2650024B541 /* SampleViewController.swift */,
			);
			path = controllers;
			sourceTree = "<group>";
		};
		62798516294C3D12007EDA41 /* utils */ = {
			isa = PBXGroup;
			children = (
				62798517294C3D1D007EDA41 /* network */,
				625620E62954256F002FA17D /* countryData.swift */,
				62FF7D52295C0784000D2E16 /* categoryData.swift */,
				62F25CC42967FAB40022E97A /* toast.swift */,
				62F25CC6296803390022E97A /* generalUtility.swift */,
				624F39E4296B61A9003DD51B /* networkMonitor.swift */,
				624F39F4296D3834003DD51B /* debouncer.swift */,
			);
			path = utils;
			sourceTree = "<group>";
		};
		62798517294C3D1D007EDA41 /* network */ = {
			isa = PBXGroup;
			children = (
				62798518294C3D35007EDA41 /* NewsroomAPIService.swift */,
				6279851A294C3D81007EDA41 /* NetworkManager.swift */,
			);
			path = network;
			sourceTree = "<group>";
		};
		62FF7D59295D6EC6000D2E16 /* lottie */ = {
			isa = PBXGroup;
			children = (
				624F39EC296BE216003DD51B /* noInternet.json */,
				62FF7D5C295EA75C000D2E16 /* loading.json */,
				62FF7D5A295D6ED7000D2E16 /* launchScreen.json */,
				62FF7D54295D5C1D000D2E16 /* notfoundresults.json */,
			);
			path = lottie;
			sourceTree = "<group>";
		};
		B95349053520CBF1BDCDB723 /* Frameworks */ = {
			isa = PBXGroup;
			children = (
				2B0F4A68F2CC351E9E063666 /* Pods_newsroom.framework */,
				542D595486F5DAC8F5E59DBC /* Pods_newsroom_newsroomUITests.framework */,
				F47EFC1E95D6EED2F67B6C7F /* Pods_newsroomTests.framework */,
			);
			name = Frameworks;
			sourceTree = "<group>";
		};
/* End PBXGroup section */

/* Begin PBXNativeTarget section */
		627984D8294C27A1007EDA41 /* newsroom */ = {
			isa = PBXNativeTarget;
			buildConfigurationList = 62798503294C27A2007EDA41 /* Build configuration list for PBXNativeTarget "newsroom" */;
			buildPhases = (
				FBD4150F260A4D85E34626EA /* [CP] Check Pods Manifest.lock */,
				627984D5294C27A1007EDA41 /* Sources */,
				627984D6294C27A1007EDA41 /* Frameworks */,
				627984D7294C27A1007EDA41 /* Resources */,
				2E4BBA70A5EACD6A8E1096AB /* [CP] Embed Pods Frameworks */,
				C7A5EA1230AD4966D1629C66 /* [CP] Copy Pods Resources */,
			);
			buildRules = (
			);
			dependencies = (
			);
			name = newsroom;
			packageProductDependencies = (
				62FF7D57295D6020000D2E16 /* Toast */,
			);
			productName = newsroom;
			productReference = 627984D9294C27A1007EDA41 /* newsroom.app */;
			productType = "com.apple.product-type.application";
		};
		627984EE294C27A2007EDA41 /* newsroomTests */ = {
			isa = PBXNativeTarget;
			buildConfigurationList = 62798506294C27A2007EDA41 /* Build configuration list for PBXNativeTarget "newsroomTests" */;
			buildPhases = (
				D1E7EB53E70733DDA95BC42B /* [CP] Check Pods Manifest.lock */,
				627984EB294C27A2007EDA41 /* Sources */,
				627984EC294C27A2007EDA41 /* Frameworks */,
				627984ED294C27A2007EDA41 /* Resources */,
			);
			buildRules = (
			);
			dependencies = (
				627984F1294C27A2007EDA41 /* PBXTargetDependency */,
			);
			name = newsroomTests;
			productName = newsroomTests;
			productReference = 627984EF294C27A2007EDA41 /* newsroomTests.xctest */;
			productType = "com.apple.product-type.bundle.unit-test";
		};
		627984F8294C27A2007EDA41 /* newsroomUITests */ = {
			isa = PBXNativeTarget;
			buildConfigurationList = 62798509294C27A2007EDA41 /* Build configuration list for PBXNativeTarget "newsroomUITests" */;
			buildPhases = (
				86B9963AA418F57B0D53E8C6 /* [CP] Check Pods Manifest.lock */,
				627984F5294C27A2007EDA41 /* Sources */,
				627984F6294C27A2007EDA41 /* Frameworks */,
				627984F7294C27A2007EDA41 /* Resources */,
				0043FEBCFC9490891BD7D119 /* [CP] Embed Pods Frameworks */,
				2F187150A31A6DFD2127D0A5 /* [CP] Copy Pods Resources */,
			);
			buildRules = (
			);
			dependencies = (
				627984FB294C27A2007EDA41 /* PBXTargetDependency */,
			);
			name = newsroomUITests;
			productName = newsroomUITests;
			productReference = 627984F9294C27A2007EDA41 /* newsroomUITests.xctest */;
			productType = "com.apple.product-type.bundle.ui-testing";
		};
/* End PBXNativeTarget section */

/* Begin PBXProject section */
		627984D1294C27A1007EDA41 /* Project object */ = {
			isa = PBXProject;
			attributes = {
				BuildIndependentTargetsInParallel = 1;
				LastSwiftUpdateCheck = 1410;
				LastUpgradeCheck = 1410;
				TargetAttributes = {
					627984D8294C27A1007EDA41 = {
						CreatedOnToolsVersion = 14.1;
					};
					627984EE294C27A2007EDA41 = {
						CreatedOnToolsVersion = 14.1;
						TestTargetID = 627984D8294C27A1007EDA41;
					};
					627984F8294C27A2007EDA41 = {
						CreatedOnToolsVersion = 14.1;
						TestTargetID = 627984D8294C27A1007EDA41;
					};
				};
			};
			buildConfigurationList = 627984D4294C27A1007EDA41 /* Build configuration list for PBXProject "newsroom" */;
			compatibilityVersion = "Xcode 14.0";
			developmentRegion = en;
			hasScannedForEncodings = 0;
			knownRegions = (
				en,
				Base,
				fr,
				hi,
			);
			mainGroup = 627984D0294C27A1007EDA41;
			packageReferences = (
				62FF7D56295D6020000D2E16 /* XCRemoteSwiftPackageReference "Toast" */,
			);
			productRefGroup = 627984DA294C27A1007EDA41 /* Products */;
			projectDirPath = "";
			projectRoot = "";
			targets = (
				627984D8294C27A1007EDA41 /* newsroom */,
				627984EE294C27A2007EDA41 /* newsroomTests */,
				627984F8294C27A2007EDA41 /* newsroomUITests */,
			);
		};
/* End PBXProject section */

/* Begin PBXResourcesBuildPhase section */
		627984D7294C27A1007EDA41 /* Resources */ = {
			isa = PBXResourcesBuildPhase;
			buildActionMask = 2147483647;
			files = (
				627984E9294C27A2007EDA41 /* LaunchScreen.storyboard in Resources */,
				62F25CBD296403B70022E97A /* Localizable.strings in Resources */,
				62FF7D55295D5C1D000D2E16 /* notfoundresults.json in Resources */,
				62FF7D5D295EA75D000D2E16 /* loading.json in Resources */,
				62FF7D5B295D6ED7000D2E16 /* launchScreen.json in Resources */,
				624F39ED296BE216003DD51B /* noInternet.json in Resources */,
				627984E6294C27A2007EDA41 /* Assets.xcassets in Resources */,
			);
			runOnlyForDeploymentPostprocessing = 0;
		};
		627984ED294C27A2007EDA41 /* Resources */ = {
			isa = PBXResourcesBuildPhase;
			buildActionMask = 2147483647;
			files = (
			);
			runOnlyForDeploymentPostprocessing = 0;
		};
		627984F7294C27A2007EDA41 /* Resources */ = {
			isa = PBXResourcesBuildPhase;
			buildActionMask = 2147483647;
			files = (
			);
			runOnlyForDeploymentPostprocessing = 0;
		};
/* End PBXResourcesBuildPhase section */

/* Begin PBXShellScriptBuildPhase section */
		0043FEBCFC9490891BD7D119 /* [CP] Embed Pods Frameworks */ = {
			isa = PBXShellScriptBuildPhase;
			buildActionMask = 2147483647;
			files = (
			);
			inputFileListPaths = (
				"${PODS_ROOT}/Target Support Files/Pods-newsroom-newsroomUITests/Pods-newsroom-newsroomUITests-frameworks-${CONFIGURATION}-input-files.xcfilelist",
			);
			name = "[CP] Embed Pods Frameworks";
			outputFileListPaths = (
				"${PODS_ROOT}/Target Support Files/Pods-newsroom-newsroomUITests/Pods-newsroom-newsroomUITests-frameworks-${CONFIGURATION}-output-files.xcfilelist",
			);
			runOnlyForDeploymentPostprocessing = 0;
			shellPath = /bin/sh;
			shellScript = "\"${PODS_ROOT}/Target Support Files/Pods-newsroom-newsroomUITests/Pods-newsroom-newsroomUITests-frameworks.sh\"\n";
			showEnvVarsInLog = 0;
		};
		2E4BBA70A5EACD6A8E1096AB /* [CP] Embed Pods Frameworks */ = {
			isa = PBXShellScriptBuildPhase;
			buildActionMask = 2147483647;
			files = (
			);
			inputFileListPaths = (
				"${PODS_ROOT}/Target Support Files/Pods-newsroom/Pods-newsroom-frameworks-${CONFIGURATION}-input-files.xcfilelist",
			);
			name = "[CP] Embed Pods Frameworks";
			outputFileListPaths = (
				"${PODS_ROOT}/Target Support Files/Pods-newsroom/Pods-newsroom-frameworks-${CONFIGURATION}-output-files.xcfilelist",
			);
			runOnlyForDeploymentPostprocessing = 0;
			shellPath = /bin/sh;
			shellScript = "\"${PODS_ROOT}/Target Support Files/Pods-newsroom/Pods-newsroom-frameworks.sh\"\n";
			showEnvVarsInLog = 0;
		};
		2F187150A31A6DFD2127D0A5 /* [CP] Copy Pods Resources */ = {
			isa = PBXShellScriptBuildPhase;
			buildActionMask = 2147483647;
			files = (
			);
			inputFileListPaths = (
				"${PODS_ROOT}/Target Support Files/Pods-newsroom-newsroomUITests/Pods-newsroom-newsroomUITests-resources-${CONFIGURATION}-input-files.xcfilelist",
			);
			name = "[CP] Copy Pods Resources";
			outputFileListPaths = (
				"${PODS_ROOT}/Target Support Files/Pods-newsroom-newsroomUITests/Pods-newsroom-newsroomUITests-resources-${CONFIGURATION}-output-files.xcfilelist",
			);
			runOnlyForDeploymentPostprocessing = 0;
			shellPath = /bin/sh;
			shellScript = "\"${PODS_ROOT}/Target Support Files/Pods-newsroom-newsroomUITests/Pods-newsroom-newsroomUITests-resources.sh\"\n";
			showEnvVarsInLog = 0;
		};
		86B9963AA418F57B0D53E8C6 /* [CP] Check Pods Manifest.lock */ = {
			isa = PBXShellScriptBuildPhase;
			buildActionMask = 2147483647;
			files = (
			);
			inputFileListPaths = (
			);
			inputPaths = (
				"${PODS_PODFILE_DIR_PATH}/Podfile.lock",
				"${PODS_ROOT}/Manifest.lock",
			);
			name = "[CP] Check Pods Manifest.lock";
			outputFileListPaths = (
			);
			outputPaths = (
				"$(DERIVED_FILE_DIR)/Pods-newsroom-newsroomUITests-checkManifestLockResult.txt",
			);
			runOnlyForDeploymentPostprocessing = 0;
			shellPath = /bin/sh;
			shellScript = "diff \"${PODS_PODFILE_DIR_PATH}/Podfile.lock\" \"${PODS_ROOT}/Manifest.lock\" > /dev/null\nif [ $? != 0 ] ; then\n    # print error to STDERR\n    echo \"error: The sandbox is not in sync with the Podfile.lock. Run 'pod install' or update your CocoaPods installation.\" >&2\n    exit 1\nfi\n# This output is used by Xcode 'outputs' to avoid re-running this script phase.\necho \"SUCCESS\" > \"${SCRIPT_OUTPUT_FILE_0}\"\n";
			showEnvVarsInLog = 0;
		};
		C7A5EA1230AD4966D1629C66 /* [CP] Copy Pods Resources */ = {
			isa = PBXShellScriptBuildPhase;
			buildActionMask = 2147483647;
			files = (
			);
			inputFileListPaths = (
				"${PODS_ROOT}/Target Support Files/Pods-newsroom/Pods-newsroom-resources-${CONFIGURATION}-input-files.xcfilelist",
			);
			name = "[CP] Copy Pods Resources";
			outputFileListPaths = (
				"${PODS_ROOT}/Target Support Files/Pods-newsroom/Pods-newsroom-resources-${CONFIGURATION}-output-files.xcfilelist",
			);
			runOnlyForDeploymentPostprocessing = 0;
			shellPath = /bin/sh;
			shellScript = "\"${PODS_ROOT}/Target Support Files/Pods-newsroom/Pods-newsroom-resources.sh\"\n";
			showEnvVarsInLog = 0;
		};
		D1E7EB53E70733DDA95BC42B /* [CP] Check Pods Manifest.lock */ = {
			isa = PBXShellScriptBuildPhase;
			buildActionMask = 2147483647;
			files = (
			);
			inputFileListPaths = (
			);
			inputPaths = (
				"${PODS_PODFILE_DIR_PATH}/Podfile.lock",
				"${PODS_ROOT}/Manifest.lock",
			);
			name = "[CP] Check Pods Manifest.lock";
			outputFileListPaths = (
			);
			outputPaths = (
				"$(DERIVED_FILE_DIR)/Pods-newsroomTests-checkManifestLockResult.txt",
			);
			runOnlyForDeploymentPostprocessing = 0;
			shellPath = /bin/sh;
			shellScript = "diff \"${PODS_PODFILE_DIR_PATH}/Podfile.lock\" \"${PODS_ROOT}/Manifest.lock\" > /dev/null\nif [ $? != 0 ] ; then\n    # print error to STDERR\n    echo \"error: The sandbox is not in sync with the Podfile.lock. Run 'pod install' or update your CocoaPods installation.\" >&2\n    exit 1\nfi\n# This output is used by Xcode 'outputs' to avoid re-running this script phase.\necho \"SUCCESS\" > \"${SCRIPT_OUTPUT_FILE_0}\"\n";
			showEnvVarsInLog = 0;
		};
		FBD4150F260A4D85E34626EA /* [CP] Check Pods Manifest.lock */ = {
			isa = PBXShellScriptBuildPhase;
			buildActionMask = 2147483647;
			files = (
			);
			inputFileListPaths = (
			);
			inputPaths = (
				"${PODS_PODFILE_DIR_PATH}/Podfile.lock",
				"${PODS_ROOT}/Manifest.lock",
			);
			name = "[CP] Check Pods Manifest.lock";
			outputFileListPaths = (
			);
			outputPaths = (
				"$(DERIVED_FILE_DIR)/Pods-newsroom-checkManifestLockResult.txt",
			);
			runOnlyForDeploymentPostprocessing = 0;
			shellPath = /bin/sh;
			shellScript = "diff \"${PODS_PODFILE_DIR_PATH}/Podfile.lock\" \"${PODS_ROOT}/Manifest.lock\" > /dev/null\nif [ $? != 0 ] ; then\n    # print error to STDERR\n    echo \"error: The sandbox is not in sync with the Podfile.lock. Run 'pod install' or update your CocoaPods installation.\" >&2\n    exit 1\nfi\n# This output is used by Xcode 'outputs' to avoid re-running this script phase.\necho \"SUCCESS\" > \"${SCRIPT_OUTPUT_FILE_0}\"\n";
			showEnvVarsInLog = 0;
		};
/* End PBXShellScriptBuildPhase section */

/* Begin PBXSourcesBuildPhase section */
		627984D5294C27A1007EDA41 /* Sources */ = {
			isa = PBXSourcesBuildPhase;
			buildActionMask = 2147483647;
			files = (
				625620E9295428D2002FA17D /* MapResultViewController.swift in Sources */,
				62F25CB72962C4800022E97A /* SourcesViewController.swift in Sources */,
				625620E72954256F002FA17D /* countryData.swift in Sources */,
				6256F864296FE20A0024B541 /* NewsViewController.swift in Sources */,
				62798514294C35DF007EDA41 /* HeadlineViewController.swift in Sources */,
				620A334829504498009F6BFF /* category.swift in Sources */,
				62798512294C34DB007EDA41 /* MapViewController.swift in Sources */,
				624F39F5296D3834003DD51B /* debouncer.swift in Sources */,
				62798519294C3D35007EDA41 /* NewsroomAPIService.swift in Sources */,
				62FF7D4B29598B82000D2E16 /* CollectionHeaderCollectionReusableView.swift in Sources */,
				624F39EB296BE168003DD51B /* NoInternetView.swift in Sources */,
				62FF7D53295C0784000D2E16 /* categoryData.swift in Sources */,
				620A334A2950463A009F6BFF /* article.swift in Sources */,
				627984E1294C27A1007EDA41 /* MainViewController.swift in Sources */,
				62F25CC7296803390022E97A /* generalUtility.swift in Sources */,
				6279851B294C3D81007EDA41 /* NetworkManager.swift in Sources */,
				62FF7D4D295B04D6000D2E16 /* NewsWebViewController.swift in Sources */,
				6279851F294C3F83007EDA41 /* secrets.swift in Sources */,
				62798521294C4A08007EDA41 /* HeadlineCollectionViewCell.swift in Sources */,
				6253859C2951AFB1008DA6BB /* SearchBarView.swift in Sources */,
				6256F866296FE2650024B541 /* SampleViewController.swift in Sources */,
				62F25CC52967FAB40022E97A /* toast.swift in Sources */,
				627984DD294C27A1007EDA41 /* AppDelegate.swift in Sources */,
				62798510294C33B1007EDA41 /* SearchViewController.swift in Sources */,
				62F25CB52961D7DD0022E97A /* Sources.swift in Sources */,
				624F39E5296B61A9003DD51B /* networkMonitor.swift in Sources */,
			);
			runOnlyForDeploymentPostprocessing = 0;
		};
		627984EB294C27A2007EDA41 /* Sources */ = {
			isa = PBXSourcesBuildPhase;
			buildActionMask = 2147483647;
			files = (
				627984F4294C27A2007EDA41 /* newsroomTests.swift in Sources */,
			);
			runOnlyForDeploymentPostprocessing = 0;
		};
		627984F5294C27A2007EDA41 /* Sources */ = {
			isa = PBXSourcesBuildPhase;
			buildActionMask = 2147483647;
			files = (
				62798500294C27A2007EDA41 /* newsroomUITestsLaunchTests.swift in Sources */,
				627984FE294C27A2007EDA41 /* newsroomUITests.swift in Sources */,
			);
			runOnlyForDeploymentPostprocessing = 0;
		};
/* End PBXSourcesBuildPhase section */

/* Begin PBXTargetDependency section */
		627984F1294C27A2007EDA41 /* PBXTargetDependency */ = {
			isa = PBXTargetDependency;
			target = 627984D8294C27A1007EDA41 /* newsroom */;
			targetProxy = 627984F0294C27A2007EDA41 /* PBXContainerItemProxy */;
		};
		627984FB294C27A2007EDA41 /* PBXTargetDependency */ = {
			isa = PBXTargetDependency;
			target = 627984D8294C27A1007EDA41 /* newsroom */;
			targetProxy = 627984FA294C27A2007EDA41 /* PBXContainerItemProxy */;
		};
/* End PBXTargetDependency section */

/* Begin PBXVariantGroup section */
		627984E7294C27A2007EDA41 /* LaunchScreen.storyboard */ = {
			isa = PBXVariantGroup;
			children = (
				627984E8294C27A2007EDA41 /* Base */,
				62F25CC0296403DE0022E97A /* fr */,
				62F25CC2296407730022E97A /* hi */,
			);
			name = LaunchScreen.storyboard;
			sourceTree = "<group>";
		};
		62F25CBF296403B70022E97A /* Localizable.strings */ = {
			isa = PBXVariantGroup;
			children = (
				62F25CBE296403B70022E97A /* en */,
				62F25CC1296403DE0022E97A /* fr */,
				62F25CC3296407730022E97A /* hi */,
			);
			name = Localizable.strings;
			sourceTree = "<group>";
		};
/* End PBXVariantGroup section */

/* Begin XCBuildConfiguration section */
		62798501294C27A2007EDA41 /* Debug */ = {
			isa = XCBuildConfiguration;
			buildSettings = {
				ALWAYS_SEARCH_USER_PATHS = NO;
				CLANG_ANALYZER_LOCALIZABILITY_NONLOCALIZED = YES;
				CLANG_ANALYZER_NONNULL = YES;
				CLANG_ANALYZER_NUMBER_OBJECT_CONVERSION = YES_AGGRESSIVE;
				CLANG_CXX_LANGUAGE_STANDARD = "gnu++20";
				CLANG_ENABLE_MODULES = YES;
				CLANG_ENABLE_OBJC_ARC = YES;
				CLANG_ENABLE_OBJC_WEAK = YES;
				CLANG_WARN_BLOCK_CAPTURE_AUTORELEASING = YES;
				CLANG_WARN_BOOL_CONVERSION = YES;
				CLANG_WARN_COMMA = YES;
				CLANG_WARN_CONSTANT_CONVERSION = YES;
				CLANG_WARN_DEPRECATED_OBJC_IMPLEMENTATIONS = YES;
				CLANG_WARN_DIRECT_OBJC_ISA_USAGE = YES_ERROR;
				CLANG_WARN_DOCUMENTATION_COMMENTS = YES;
				CLANG_WARN_EMPTY_BODY = YES;
				CLANG_WARN_ENUM_CONVERSION = YES;
				CLANG_WARN_INFINITE_RECURSION = YES;
				CLANG_WARN_INT_CONVERSION = YES;
				CLANG_WARN_NON_LITERAL_NULL_CONVERSION = YES;
				CLANG_WARN_OBJC_IMPLICIT_RETAIN_SELF = YES;
				CLANG_WARN_OBJC_LITERAL_CONVERSION = YES;
				CLANG_WARN_OBJC_ROOT_CLASS = YES_ERROR;
				CLANG_WARN_QUOTED_INCLUDE_IN_FRAMEWORK_HEADER = YES;
				CLANG_WARN_RANGE_LOOP_ANALYSIS = YES;
				CLANG_WARN_STRICT_PROTOTYPES = YES;
				CLANG_WARN_SUSPICIOUS_MOVE = YES;
				CLANG_WARN_UNGUARDED_AVAILABILITY = YES_AGGRESSIVE;
				CLANG_WARN_UNREACHABLE_CODE = YES;
				CLANG_WARN__DUPLICATE_METHOD_MATCH = YES;
				COPY_PHASE_STRIP = NO;
				DEBUG_INFORMATION_FORMAT = dwarf;
				ENABLE_STRICT_OBJC_MSGSEND = YES;
				ENABLE_TESTABILITY = YES;
				GCC_C_LANGUAGE_STANDARD = gnu11;
				GCC_DYNAMIC_NO_PIC = NO;
				GCC_NO_COMMON_BLOCKS = YES;
				GCC_OPTIMIZATION_LEVEL = 0;
				GCC_PREPROCESSOR_DEFINITIONS = (
					"DEBUG=1",
					"$(inherited)",
				);
				GCC_WARN_64_TO_32_BIT_CONVERSION = YES;
				GCC_WARN_ABOUT_RETURN_TYPE = YES_ERROR;
				GCC_WARN_UNDECLARED_SELECTOR = YES;
				GCC_WARN_UNINITIALIZED_AUTOS = YES_AGGRESSIVE;
				GCC_WARN_UNUSED_FUNCTION = YES;
				GCC_WARN_UNUSED_VARIABLE = YES;
				IPHONEOS_DEPLOYMENT_TARGET = 16.0;
				MTL_ENABLE_DEBUG_INFO = INCLUDE_SOURCE;
				MTL_FAST_MATH = YES;
				ONLY_ACTIVE_ARCH = YES;
				SDKROOT = iphoneos;
				SWIFT_ACTIVE_COMPILATION_CONDITIONS = DEBUG;
				SWIFT_OPTIMIZATION_LEVEL = "-Onone";
			};
			name = Debug;
		};
		62798502294C27A2007EDA41 /* Release */ = {
			isa = XCBuildConfiguration;
			buildSettings = {
				ALWAYS_SEARCH_USER_PATHS = NO;
				CLANG_ANALYZER_LOCALIZABILITY_NONLOCALIZED = YES;
				CLANG_ANALYZER_NONNULL = YES;
				CLANG_ANALYZER_NUMBER_OBJECT_CONVERSION = YES_AGGRESSIVE;
				CLANG_CXX_LANGUAGE_STANDARD = "gnu++20";
				CLANG_ENABLE_MODULES = YES;
				CLANG_ENABLE_OBJC_ARC = YES;
				CLANG_ENABLE_OBJC_WEAK = YES;
				CLANG_WARN_BLOCK_CAPTURE_AUTORELEASING = YES;
				CLANG_WARN_BOOL_CONVERSION = YES;
				CLANG_WARN_COMMA = YES;
				CLANG_WARN_CONSTANT_CONVERSION = YES;
				CLANG_WARN_DEPRECATED_OBJC_IMPLEMENTATIONS = YES;
				CLANG_WARN_DIRECT_OBJC_ISA_USAGE = YES_ERROR;
				CLANG_WARN_DOCUMENTATION_COMMENTS = YES;
				CLANG_WARN_EMPTY_BODY = YES;
				CLANG_WARN_ENUM_CONVERSION = YES;
				CLANG_WARN_INFINITE_RECURSION = YES;
				CLANG_WARN_INT_CONVERSION = YES;
				CLANG_WARN_NON_LITERAL_NULL_CONVERSION = YES;
				CLANG_WARN_OBJC_IMPLICIT_RETAIN_SELF = YES;
				CLANG_WARN_OBJC_LITERAL_CONVERSION = YES;
				CLANG_WARN_OBJC_ROOT_CLASS = YES_ERROR;
				CLANG_WARN_QUOTED_INCLUDE_IN_FRAMEWORK_HEADER = YES;
				CLANG_WARN_RANGE_LOOP_ANALYSIS = YES;
				CLANG_WARN_STRICT_PROTOTYPES = YES;
				CLANG_WARN_SUSPICIOUS_MOVE = YES;
				CLANG_WARN_UNGUARDED_AVAILABILITY = YES_AGGRESSIVE;
				CLANG_WARN_UNREACHABLE_CODE = YES;
				CLANG_WARN__DUPLICATE_METHOD_MATCH = YES;
				COPY_PHASE_STRIP = NO;
				DEBUG_INFORMATION_FORMAT = "dwarf-with-dsym";
				ENABLE_NS_ASSERTIONS = NO;
				ENABLE_STRICT_OBJC_MSGSEND = YES;
				GCC_C_LANGUAGE_STANDARD = gnu11;
				GCC_NO_COMMON_BLOCKS = YES;
				GCC_WARN_64_TO_32_BIT_CONVERSION = YES;
				GCC_WARN_ABOUT_RETURN_TYPE = YES_ERROR;
				GCC_WARN_UNDECLARED_SELECTOR = YES;
				GCC_WARN_UNINITIALIZED_AUTOS = YES_AGGRESSIVE;
				GCC_WARN_UNUSED_FUNCTION = YES;
				GCC_WARN_UNUSED_VARIABLE = YES;
				IPHONEOS_DEPLOYMENT_TARGET = 16.0;
				MTL_ENABLE_DEBUG_INFO = NO;
				MTL_FAST_MATH = YES;
				SDKROOT = iphoneos;
				SWIFT_COMPILATION_MODE = wholemodule;
				SWIFT_OPTIMIZATION_LEVEL = "-O";
				VALIDATE_PRODUCT = YES;
			};
			name = Release;
		};
		62798504294C27A2007EDA41 /* Debug */ = {
			isa = XCBuildConfiguration;
			baseConfigurationReference = 3C9CD2E415C8200A6D563ADB /* Pods-newsroom.debug.xcconfig */;
			buildSettings = {
				ASSETCATALOG_COMPILER_APPICON_NAME = AppIcon;
				ASSETCATALOG_COMPILER_GLOBAL_ACCENT_COLOR_NAME = AccentColor;
				CODE_SIGN_STYLE = Automatic;
				CURRENT_PROJECT_VERSION = 1;
				DEVELOPMENT_TEAM = 25LDX82Q39;
				GENERATE_INFOPLIST_FILE = YES;
				INFOPLIST_FILE = newsroom/Info.plist;
				INFOPLIST_KEY_NSLocationAlwaysAndWhenInUseUsageDescription = "";
				INFOPLIST_KEY_NSLocationWhenInUseUsageDescription = "";
				INFOPLIST_KEY_UIApplicationSupportsIndirectInputEvents = YES;
				INFOPLIST_KEY_UILaunchStoryboardName = LaunchScreen;
				INFOPLIST_KEY_UIMainStoryboardFile = "";
				INFOPLIST_KEY_UIStatusBarStyle = "";
				INFOPLIST_KEY_UISupportedInterfaceOrientations_iPad = "UIInterfaceOrientationPortrait UIInterfaceOrientationPortraitUpsideDown UIInterfaceOrientationLandscapeLeft UIInterfaceOrientationLandscapeRight";
				INFOPLIST_KEY_UISupportedInterfaceOrientations_iPhone = "UIInterfaceOrientationPortrait UIInterfaceOrientationLandscapeLeft UIInterfaceOrientationLandscapeRight";
				IPHONEOS_DEPLOYMENT_TARGET = 16.0;
				LD_RUNPATH_SEARCH_PATHS = (
					"$(inherited)",
					"@executable_path/Frameworks",
				);
				MARKETING_VERSION = 1.0;
				PRODUCT_BUNDLE_IDENTIFIER = com.sarthakjha.newsroom;
				PRODUCT_NAME = "$(TARGET_NAME)";
				SWIFT_EMIT_LOC_STRINGS = YES;
				SWIFT_VERSION = 5.0;
				TARGETED_DEVICE_FAMILY = "1,2";
			};
			name = Debug;
		};
		62798505294C27A2007EDA41 /* Release */ = {
			isa = XCBuildConfiguration;
			baseConfigurationReference = B8447FBCD8E38BCADB013972 /* Pods-newsroom.release.xcconfig */;
			buildSettings = {
				ASSETCATALOG_COMPILER_APPICON_NAME = AppIcon;
				ASSETCATALOG_COMPILER_GLOBAL_ACCENT_COLOR_NAME = AccentColor;
				CODE_SIGN_STYLE = Automatic;
				CURRENT_PROJECT_VERSION = 1;
				DEVELOPMENT_TEAM = 25LDX82Q39;
				GENERATE_INFOPLIST_FILE = YES;
				INFOPLIST_FILE = newsroom/Info.plist;
				INFOPLIST_KEY_NSLocationAlwaysAndWhenInUseUsageDescription = "";
				INFOPLIST_KEY_NSLocationWhenInUseUsageDescription = "";
				INFOPLIST_KEY_UIApplicationSupportsIndirectInputEvents = YES;
				INFOPLIST_KEY_UILaunchStoryboardName = LaunchScreen;
				INFOPLIST_KEY_UIMainStoryboardFile = "";
				INFOPLIST_KEY_UIStatusBarStyle = "";
				INFOPLIST_KEY_UISupportedInterfaceOrientations_iPad = "UIInterfaceOrientationPortrait UIInterfaceOrientationPortraitUpsideDown UIInterfaceOrientationLandscapeLeft UIInterfaceOrientationLandscapeRight";
				INFOPLIST_KEY_UISupportedInterfaceOrientations_iPhone = "UIInterfaceOrientationPortrait UIInterfaceOrientationLandscapeLeft UIInterfaceOrientationLandscapeRight";
				IPHONEOS_DEPLOYMENT_TARGET = 16.0;
				LD_RUNPATH_SEARCH_PATHS = (
					"$(inherited)",
					"@executable_path/Frameworks",
				);
				MARKETING_VERSION = 1.0;
				PRODUCT_BUNDLE_IDENTIFIER = com.sarthakjha.newsroom;
				PRODUCT_NAME = "$(TARGET_NAME)";
				SWIFT_EMIT_LOC_STRINGS = YES;
				SWIFT_VERSION = 5.0;
				TARGETED_DEVICE_FAMILY = "1,2";
			};
			name = Release;
		};
		62798507294C27A2007EDA41 /* Debug */ = {
			isa = XCBuildConfiguration;
			baseConfigurationReference = A137720F7728B801EE1B6678 /* Pods-newsroomTests.debug.xcconfig */;
			buildSettings = {
				ALWAYS_EMBED_SWIFT_STANDARD_LIBRARIES = YES;
				BUNDLE_LOADER = "$(TEST_HOST)";
				CODE_SIGN_STYLE = Automatic;
				CURRENT_PROJECT_VERSION = 1;
				DEVELOPMENT_TEAM = 25LDX82Q39;
				GENERATE_INFOPLIST_FILE = YES;
				IPHONEOS_DEPLOYMENT_TARGET = 16.1;
				MARKETING_VERSION = 1.0;
				PRODUCT_BUNDLE_IDENTIFIER = com.sarthakjha.newsroomTests;
				PRODUCT_NAME = "$(TARGET_NAME)";
				SWIFT_EMIT_LOC_STRINGS = NO;
				SWIFT_VERSION = 5.0;
				TARGETED_DEVICE_FAMILY = "1,2";
				TEST_HOST = "$(BUILT_PRODUCTS_DIR)/newsroom.app/$(BUNDLE_EXECUTABLE_FOLDER_PATH)/newsroom";
			};
			name = Debug;
		};
		62798508294C27A2007EDA41 /* Release */ = {
			isa = XCBuildConfiguration;
			baseConfigurationReference = 4BABBC72923EB8D856FADE1F /* Pods-newsroomTests.release.xcconfig */;
			buildSettings = {
				ALWAYS_EMBED_SWIFT_STANDARD_LIBRARIES = YES;
				BUNDLE_LOADER = "$(TEST_HOST)";
				CODE_SIGN_STYLE = Automatic;
				CURRENT_PROJECT_VERSION = 1;
				DEVELOPMENT_TEAM = 25LDX82Q39;
				GENERATE_INFOPLIST_FILE = YES;
				IPHONEOS_DEPLOYMENT_TARGET = 16.1;
				MARKETING_VERSION = 1.0;
				PRODUCT_BUNDLE_IDENTIFIER = com.sarthakjha.newsroomTests;
				PRODUCT_NAME = "$(TARGET_NAME)";
				SWIFT_EMIT_LOC_STRINGS = NO;
				SWIFT_VERSION = 5.0;
				TARGETED_DEVICE_FAMILY = "1,2";
				TEST_HOST = "$(BUILT_PRODUCTS_DIR)/newsroom.app/$(BUNDLE_EXECUTABLE_FOLDER_PATH)/newsroom";
			};
			name = Release;
		};
		6279850A294C27A2007EDA41 /* Debug */ = {
			isa = XCBuildConfiguration;
			baseConfigurationReference = 8ED0BE6A401B7887F08D65AB /* Pods-newsroom-newsroomUITests.debug.xcconfig */;
			buildSettings = {
				ALWAYS_EMBED_SWIFT_STANDARD_LIBRARIES = YES;
				CODE_SIGN_STYLE = Automatic;
				CURRENT_PROJECT_VERSION = 1;
				DEVELOPMENT_TEAM = 25LDX82Q39;
				GENERATE_INFOPLIST_FILE = YES;
				MARKETING_VERSION = 1.0;
				PRODUCT_BUNDLE_IDENTIFIER = com.sarthakjha.newsroomUITests;
				PRODUCT_NAME = "$(TARGET_NAME)";
				SWIFT_EMIT_LOC_STRINGS = NO;
				SWIFT_VERSION = 5.0;
				TARGETED_DEVICE_FAMILY = "1,2";
				TEST_TARGET_NAME = newsroom;
			};
			name = Debug;
		};
		6279850B294C27A2007EDA41 /* Release */ = {
			isa = XCBuildConfiguration;
			baseConfigurationReference = DEEE0904044A5B9A6EBFD401 /* Pods-newsroom-newsroomUITests.release.xcconfig */;
			buildSettings = {
				ALWAYS_EMBED_SWIFT_STANDARD_LIBRARIES = YES;
				CODE_SIGN_STYLE = Automatic;
				CURRENT_PROJECT_VERSION = 1;
				DEVELOPMENT_TEAM = 25LDX82Q39;
				GENERATE_INFOPLIST_FILE = YES;
				MARKETING_VERSION = 1.0;
				PRODUCT_BUNDLE_IDENTIFIER = com.sarthakjha.newsroomUITests;
				PRODUCT_NAME = "$(TARGET_NAME)";
				SWIFT_EMIT_LOC_STRINGS = NO;
				SWIFT_VERSION = 5.0;
				TARGETED_DEVICE_FAMILY = "1,2";
				TEST_TARGET_NAME = newsroom;
			};
			name = Release;
		};
/* End XCBuildConfiguration section */

/* Begin XCConfigurationList section */
		627984D4294C27A1007EDA41 /* Build configuration list for PBXProject "newsroom" */ = {
			isa = XCConfigurationList;
			buildConfigurations = (
				62798501294C27A2007EDA41 /* Debug */,
				62798502294C27A2007EDA41 /* Release */,
			);
			defaultConfigurationIsVisible = 0;
			defaultConfigurationName = Release;
		};
		62798503294C27A2007EDA41 /* Build configuration list for PBXNativeTarget "newsroom" */ = {
			isa = XCConfigurationList;
			buildConfigurations = (
				62798504294C27A2007EDA41 /* Debug */,
				62798505294C27A2007EDA41 /* Release */,
			);
			defaultConfigurationIsVisible = 0;
			defaultConfigurationName = Release;
		};
		62798506294C27A2007EDA41 /* Build configuration list for PBXNativeTarget "newsroomTests" */ = {
			isa = XCConfigurationList;
			buildConfigurations = (
				62798507294C27A2007EDA41 /* Debug */,
				62798508294C27A2007EDA41 /* Release */,
			);
			defaultConfigurationIsVisible = 0;
			defaultConfigurationName = Release;
		};
		62798509294C27A2007EDA41 /* Build configuration list for PBXNativeTarget "newsroomUITests" */ = {
			isa = XCConfigurationList;
			buildConfigurations = (
				6279850A294C27A2007EDA41 /* Debug */,
				6279850B294C27A2007EDA41 /* Release */,
			);
			defaultConfigurationIsVisible = 0;
			defaultConfigurationName = Release;
		};
/* End XCConfigurationList section */

/* Begin XCRemoteSwiftPackageReference section */
		62FF7D56295D6020000D2E16 /* XCRemoteSwiftPackageReference "Toast" */ = {
			isa = XCRemoteSwiftPackageReference;
			repositoryURL = "https://github.com/hengyu/Toast.git";
			requirement = {
				kind = upToNextMajorVersion;
				minimumVersion = 1.0.0;
			};
		};
/* End XCRemoteSwiftPackageReference section */

/* Begin XCSwiftPackageProductDependency section */
		62FF7D57295D6020000D2E16 /* Toast */ = {
			isa = XCSwiftPackageProductDependency;
			package = 62FF7D56295D6020000D2E16 /* XCRemoteSwiftPackageReference "Toast" */;
			productName = Toast;
		};
/* End XCSwiftPackageProductDependency section */
	};
	rootObject = 627984D1294C27A1007EDA41 /* Project object */;
}
